// !$*UTF8*$!
{
	archiveVersion = 1;
	classes = {
	};
	objectVersion = 50;
	objects = {

/* Begin PBXBuildFile section */
		550EA1DA21B0BDB400E2135F /* AppDelegate.swift in Sources */ = {isa = PBXBuildFile; fileRef = 550EA1D921B0BDB400E2135F /* AppDelegate.swift */; };
		550EA1DF21B0BDB400E2135F /* Main.storyboard in Resources */ = {isa = PBXBuildFile; fileRef = 550EA1DD21B0BDB400E2135F /* Main.storyboard */; };
		550EA1E121B0BDB500E2135F /* Assets.xcassets in Resources */ = {isa = PBXBuildFile; fileRef = 550EA1E021B0BDB500E2135F /* Assets.xcassets */; };
		550EA1E421B0BDB500E2135F /* LaunchScreen.storyboard in Resources */ = {isa = PBXBuildFile; fileRef = 550EA1E221B0BDB500E2135F /* LaunchScreen.storyboard */; };
		553F552921B21B5D004ACB58 /* addToDoViewController.swift in Sources */ = {isa = PBXBuildFile; fileRef = 553F552821B21B5D004ACB58 /* addToDoViewController.swift */; };
		553F552B21B21B93004ACB58 /* ToDoTableViewController.swift in Sources */ = {isa = PBXBuildFile; fileRef = 553F552A21B21B93004ACB58 /* ToDoTableViewController.swift */; };
		5546A2A621B5F4FE00B89197 /* Todos.xcdatamodeld in Sources */ = {isa = PBXBuildFile; fileRef = 5546A2A421B5F4FE00B89197 /* Todos.xcdatamodeld */; };
		5573F3B321B7510700D51CAA /* CoreDataStack.swift in Sources */ = {isa = PBXBuildFile; fileRef = 5573F3B221B7510700D51CAA /* CoreDataStack.swift */; };
/* End PBXBuildFile section */

/* Begin PBXFileReference section */
		550EA1D621B0BDB400E2135F /* ToDoApplication.app */ = {isa = PBXFileReference; explicitFileType = wrapper.application; includeInIndex = 0; path = ToDoApplication.app; sourceTree = BUILT_PRODUCTS_DIR; };
		550EA1D921B0BDB400E2135F /* AppDelegate.swift */ = {isa = PBXFileReference; lastKnownFileType = sourcecode.swift; path = AppDelegate.swift; sourceTree = "<group>"; };
		550EA1DE21B0BDB400E2135F /* Base */ = {isa = PBXFileReference; lastKnownFileType = file.storyboard; name = Base; path = Base.lproj/Main.storyboard; sourceTree = "<group>"; };
		550EA1E021B0BDB500E2135F /* Assets.xcassets */ = {isa = PBXFileReference; lastKnownFileType = folder.assetcatalog; path = Assets.xcassets; sourceTree = "<group>"; };
		550EA1E321B0BDB500E2135F /* Base */ = {isa = PBXFileReference; lastKnownFileType = file.storyboard; name = Base; path = Base.lproj/LaunchScreen.storyboard; sourceTree = "<group>"; };
		550EA1E521B0BDB500E2135F /* Info.plist */ = {isa = PBXFileReference; lastKnownFileType = text.plist.xml; path = Info.plist; sourceTree = "<group>"; };
		553F552821B21B5D004ACB58 /* addToDoViewController.swift */ = {isa = PBXFileReference; lastKnownFileType = sourcecode.swift; path = addToDoViewController.swift; sourceTree = "<group>"; };
		553F552A21B21B93004ACB58 /* ToDoTableViewController.swift */ = {isa = PBXFileReference; lastKnownFileType = sourcecode.swift; path = ToDoTableViewController.swift; sourceTree = "<group>"; };
		5546A2A521B5F4FE00B89197 /* Todos.xcdatamodel */ = {isa = PBXFileReference; lastKnownFileType = wrapper.xcdatamodel; path = Todos.xcdatamodel; sourceTree = "<group>"; };
		5573F3B221B7510700D51CAA /* CoreDataStack.swift */ = {isa = PBXFileReference; lastKnownFileType = sourcecode.swift; path = CoreDataStack.swift; sourceTree = "<group>"; };
/* End PBXFileReference section */

/* Begin PBXFrameworksBuildPhase section */
		550EA1D321B0BDB400E2135F /* Frameworks */ = {
			isa = PBXFrameworksBuildPhase;
			buildActionMask = 2147483647;
			files = (
			);
			runOnlyForDeploymentPostprocessing = 0;
		};
/* End PBXFrameworksBuildPhase section */

/* Begin PBXGroup section */
		550EA1CD21B0BDB400E2135F = {
			isa = PBXGroup;
			children = (
				550EA1D821B0BDB400E2135F /* ToDoApplication */,
				550EA1D721B0BDB400E2135F /* Products */,
			);
			sourceTree = "<group>";
		};
		550EA1D721B0BDB400E2135F /* Products */ = {
			isa = PBXGroup;
			children = (
				550EA1D621B0BDB400E2135F /* ToDoApplication.app */,
			);
			name = Products;
			sourceTree = "<group>";
		};
		550EA1D821B0BDB400E2135F /* ToDoApplication */ = {
			isa = PBXGroup;
			children = (
				5546A2A321B5F4CE00B89197 /* CoreDate */,
				5546A2A221B5E2D300B89197 /* VC */,
				550EA1DD21B0BDB400E2135F /* Main.storyboard */,
				550EA1E021B0BDB500E2135F /* Assets.xcassets */,
				550EA1E221B0BDB500E2135F /* LaunchScreen.storyboard */,
				550EA1E521B0BDB500E2135F /* Info.plist */,
			);
			path = ToDoApplication;
			sourceTree = "<group>";
		};
		5546A2A221B5E2D300B89197 /* VC */ = {
			isa = PBXGroup;
			children = (
				553F552821B21B5D004ACB58 /* addToDoViewController.swift */,
				553F552A21B21B93004ACB58 /* ToDoTableViewController.swift */,
				550EA1D921B0BDB400E2135F /* AppDelegate.swift */,
			);
			path = VC;
			sourceTree = "<group>";
		};
		5546A2A321B5F4CE00B89197 /* CoreDate */ = {
			isa = PBXGroup;
			children = (
				5546A2A421B5F4FE00B89197 /* Todos.xcdatamodeld */,
				5573F3B221B7510700D51CAA /* CoreDataStack.swift */,
			);
			path = CoreDate;
			sourceTree = "<group>";
		};
/* End PBXGroup section */

/* Begin PBXNativeTarget section */
		550EA1D521B0BDB400E2135F /* ToDoApplication */ = {
			isa = PBXNativeTarget;
			buildConfigurationList = 550EA1E821B0BDB500E2135F /* Build configuration list for PBXNativeTarget "ToDoApplication" */;
			buildPhases = (
				550EA1D221B0BDB400E2135F /* Sources */,
				550EA1D321B0BDB400E2135F /* Frameworks */,
				550EA1D421B0BDB400E2135F /* Resources */,
			);
			buildRules = (
			);
			dependencies = (
			);
			name = ToDoApplication;
			productName = ToDoApplication;
			productReference = 550EA1D621B0BDB400E2135F /* ToDoApplication.app */;
			productType = "com.apple.product-type.application";
		};
/* End PBXNativeTarget section */

/* Begin PBXProject section */
		550EA1CE21B0BDB400E2135F /* Project object */ = {
			isa = PBXProject;
			attributes = {
				LastSwiftUpdateCheck = 1010;
				LastUpgradeCheck = 1010;
				ORGANIZATIONNAME = Andrey;
				TargetAttributes = {
					550EA1D521B0BDB400E2135F = {
						CreatedOnToolsVersion = 10.1;
					};
				};
			};
			buildConfigurationList = 550EA1D121B0BDB400E2135F /* Build configuration list for PBXProject "ToDoApplication" */;
			compatibilityVersion = "Xcode 9.3";
			developmentRegion = en;
			hasScannedForEncodings = 0;
			knownRegions = (
				en,
				Base,
			);
			mainGroup = 550EA1CD21B0BDB400E2135F;
			productRefGroup = 550EA1D721B0BDB400E2135F /* Products */;
			projectDirPath = "";
			projectRoot = "";
			targets = (
				550EA1D521B0BDB400E2135F /* ToDoApplication */,
			);
		};
/* End PBXProject section */

/* Begin PBXResourcesBuildPhase section */
		550EA1D421B0BDB400E2135F /* Resources */ = {
			isa = PBXResourcesBuildPhase;
			buildActionMask = 2147483647;
			files = (
				550EA1E421B0BDB500E2135F /* LaunchScreen.storyboard in Resources */,
				550EA1E121B0BDB500E2135F /* Assets.xcassets in Resources */,
				550EA1DF21B0BDB400E2135F /* Main.storyboard in Resources */,
			);
			runOnlyForDeploymentPostprocessing = 0;
		};
/* End PBXResourcesBuildPhase section */

/* Begin PBXSourcesBuildPhase section */
		550EA1D221B0BDB400E2135F /* Sources */ = {
			isa = PBXSourcesBuildPhase;
			buildActionMask = 2147483647;
			files = (
				5573F3B321B7510700D51CAA /* CoreDataStack.swift in Sources */,
				553F552B21B21B93004ACB58 /* ToDoTableViewController.swift in Sources */,
				553F552921B21B5D004ACB58 /* addToDoViewController.swift in Sources */,
				550EA1DA21B0BDB400E2135F /* AppDelegate.swift in Sources */,
				5546A2A621B5F4FE00B89197 /* Todos.xcdatamodeld in Sources */,
			);
			runOnlyForDeploymentPostprocessing = 0;
		};
/* End PBXSourcesBuildPhase section */

/* Begin PBXVariantGroup section */
		550EA1DD21B0BDB400E2135F /* Main.storyboard */ = {
			isa = PBXVariantGroup;
			children = (
				550EA1DE21B0BDB400E2135F /* Base */,
			);
			name = Main.storyboard;
			sourceTree = "<group>";
		};
		550EA1E221B0BDB500E2135F /* LaunchScreen.storyboard */ = {
			isa = PBXVariantGroup;
			children = (
				550EA1E321B0BDB500E2135F /* Base */,
			);
			name = LaunchScreen.storyboard;
			sourceTree = "<group>";
		};
/* End PBXVariantGroup section */

/* Begin XCBuildConfiguration section */
		550EA1E621B0BDB500E2135F /* Debug */ = {
			isa = XCBuildConfiguration;
			buildSettings = {
				ALWAYS_SEARCH_USER_PATHS = NO;
				CLANG_ANALYZER_NONNULL = YES;
				CLANG_ANALYZER_NUMBER_OBJECT_CONVERSION = YES_AGGRESSIVE;
				CLANG_CXX_LANGUAGE_STANDARD = "gnu++14";
				CLANG_CXX_LIBRARY = "libc++";
				CLANG_ENABLE_MODULES = YES;
				CLANG_ENABLE_OBJC_ARC = YES;
				CLANG_ENABLE_OBJC_WEAK = YES;
				CLANG_WARN_BLOCK_CAPTURE_AUTORELEASING = YES;
				CLANG_WARN_BOOL_CONVERSION = YES;
				CLANG_WARN_COMMA = YES;
				CLANG_WARN_CONSTANT_CONVERSION = YES;
				CLANG_WARN_DEPRECATED_OBJC_IMPLEMENTATIONS = YES;
				CLANG_WARN_DIRECT_OBJC_ISA_USAGE = YES_ERROR;
				CLANG_WARN_DOCUMENTATION_COMMENTS = YES;
				CLANG_WARN_EMPTY_BODY = YES;
				CLANG_WARN_ENUM_CONVERSION = YES;
				CLANG_WARN_INFINITE_RECURSION = YES;
				CLANG_WARN_INT_CONVERSION = YES;
				CLANG_WARN_NON_LITERAL_NULL_CONVERSION = YES;
				CLANG_WARN_OBJC_IMPLICIT_RETAIN_SELF = YES;
				CLANG_WARN_OBJC_LITERAL_CONVERSION = YES;
				CLANG_WARN_OBJC_ROOT_CLASS = YES_ERROR;
				CLANG_WARN_RANGE_LOOP_ANALYSIS = YES;
				CLANG_WARN_STRICT_PROTOTYPES = YES;
				CLANG_WARN_SUSPICIOUS_MOVE = YES;
				CLANG_WARN_UNGUARDED_AVAILABILITY = YES_AGGRESSIVE;
				CLANG_WARN_UNREACHABLE_CODE = YES;
				CLANG_WARN__DUPLICATE_METHOD_MATCH = YES;
				CODE_SIGN_IDENTITY = "iPhone Developer";
				COPY_PHASE_STRIP = NO;
				DEBUG_INFORMATION_FORMAT = dwarf;
				ENABLE_STRICT_OBJC_MSGSEND = YES;
				ENABLE_TESTABILITY = YES;
				GCC_C_LANGUAGE_STANDARD = gnu11;
				GCC_DYNAMIC_NO_PIC = NO;
				GCC_NO_COMMON_BLOCKS = YES;
				GCC_OPTIMIZATION_LEVEL = 0;
				GCC_PREPROCESSOR_DEFINITIONS = (
					"DEBUG=1",
					"$(inherited)",
				);
				GCC_WARN_64_TO_32_BIT_CONVERSION = YES;
				GCC_WARN_ABOUT_RETURN_TYPE = YES_ERROR;
				GCC_WARN_UNDECLARED_SELECTOR = YES;
				GCC_WARN_UNINITIALIZED_AUTOS = YES_AGGRESSIVE;
				GCC_WARN_UNUSED_FUNCTION = YES;
				GCC_WARN_UNUSED_VARIABLE = YES;
				IPHONEOS_DEPLOYMENT_TARGET = 12.1;
				MTL_ENABLE_DEBUG_INFO = INCLUDE_SOURCE;
				MTL_FAST_MATH = YES;
				ONLY_ACTIVE_ARCH = YES;
				SDKROOT = iphoneos;
				SWIFT_ACTIVE_COMPILATION_CONDITIONS = DEBUG;
				SWIFT_OPTIMIZATION_LEVEL = "-Onone";
			};
			name = Debug;
		};
		550EA1E721B0BDB500E2135F /* Release */ = {
			isa = XCBuildConfiguration;
			buildSettings = {
				ALWAYS_SEARCH_USER_PATHS = NO;
				CLANG_ANALYZER_NONNULL = YES;
				CLANG_ANALYZER_NUMBER_OBJECT_CONVERSION = YES_AGGRESSIVE;
				CLANG_CXX_LANGUAGE_STANDARD = "gnu++14";
				CLANG_CXX_LIBRARY = "libc++";
				CLANG_ENABLE_MODULES = YES;
				CLANG_ENABLE_OBJC_ARC = YES;
				CLANG_ENABLE_OBJC_WEAK = YES;
				CLANG_WARN_BLOCK_CAPTURE_AUTORELEASING = YES;
				CLANG_WARN_BOOL_CONVERSION = YES;
				CLANG_WARN_COMMA = YES;
				CLANG_WARN_CONSTANT_CONVERSION = YES;
				CLANG_WARN_DEPRECATED_OBJC_IMPLEMENTATIONS = YES;
				CLANG_WARN_DIRECT_OBJC_ISA_USAGE = YES_ERROR;
				CLANG_WARN_DOCUMENTATION_COMMENTS = YES;
				CLANG_WARN_EMPTY_BODY = YES;
				CLANG_WARN_ENUM_CONVERSION = YES;
				CLANG_WARN_INFINITE_RECURSION = YES;
				CLANG_WARN_INT_CONVERSION = YES;
				CLANG_WARN_NON_LITERAL_NULL_CONVERSION = YES;
				CLANG_WARN_OBJC_IMPLICIT_RETAIN_SELF = YES;
				CLANG_WARN_OBJC_LITERAL_CONVERSION = YES;
				CLANG_WARN_OBJC_ROOT_CLASS = YES_ERROR;
				CLANG_WARN_RANGE_LOOP_ANALYSIS = YES;
				CLANG_WARN_STRICT_PROTOTYPES = YES;
				CLANG_WARN_SUSPICIOUS_MOVE = YES;
				CLANG_WARN_UNGUARDED_AVAILABILITY = YES_AGGRESSIVE;
				CLANG_WARN_UNREACHABLE_CODE = YES;
				CLANG_WARN__DUPLICATE_METHOD_MATCH = YES;
				CODE_SIGN_IDENTITY = "iPhone Developer";
				COPY_PHASE_STRIP = NO;
				DEBUG_INFORMATION_FORMAT = "dwarf-with-dsym";
				ENABLE_NS_ASSERTIONS = NO;
				ENABLE_STRICT_OBJC_MSGSEND = YES;
				GCC_C_LANGUAGE_STANDARD = gnu11;
				GCC_NO_COMMON_BLOCKS = YES;
				GCC_WARN_64_TO_32_BIT_CONVERSION = YES;
				GCC_WARN_ABOUT_RETURN_TYPE = YES_ERROR;
				GCC_WARN_UNDECLARED_SELECTOR = YES;
				GCC_WARN_UNINITIALIZED_AUTOS = YES_AGGRESSIVE;
				GCC_WARN_UNUSED_FUNCTION = YES;
				GCC_WARN_UNUSED_VARIABLE = YES;
				IPHONEOS_DEPLOYMENT_TARGET = 12.1;
				MTL_ENABLE_DEBUG_INFO = NO;
				MTL_FAST_MATH = YES;
				SDKROOT = iphoneos;
				SWIFT_COMPILATION_MODE = wholemodule;
				SWIFT_OPTIMIZATION_LEVEL = "-O";
				VALIDATE_PRODUCT = YES;
			};
			name = Release;
		};
		550EA1E921B0BDB500E2135F /* Debug */ = {
			isa = XCBuildConfiguration;
			buildSettings = {
				ASSETCATALOG_COMPILER_APPICON_NAME = AppIcon;
				CODE_SIGN_STYLE = Automatic;
				INFOPLIST_FILE = ToDoApplication/Info.plist;
				LD_RUNPATH_SEARCH_PATHS = (
					"$(inherited)",
					"@executable_path/Frameworks",
				);
				PRODUCT_BUNDLE_IDENTIFIER = AS.ToDoApplication;
				PRODUCT_NAME = "$(TARGET_NAME)";
				SWIFT_VERSION = 4.2;
				TARGETED_DEVICE_FAMILY = "1,2";
			};
			name = Debug;
		};
		550EA1EA21B0BDB500E2135F /* Release */ = {
			isa = XCBuildConfiguration;
			buildSettings = {
				ASSETCATALOG_COMPILER_APPICON_NAME = AppIcon;
				CODE_SIGN_STYLE = Automatic;
				INFOPLIST_FILE = ToDoApplication/Info.plist;
				LD_RUNPATH_SEARCH_PATHS = (
					"$(inherited)",
					"@executable_path/Frameworks",
				);
				PRODUCT_BUNDLE_IDENTIFIER = AS.ToDoApplication;
				PRODUCT_NAME = "$(TARGET_NAME)";
				SWIFT_VERSION = 4.2;
				TARGETED_DEVICE_FAMILY = "1,2";
			};
			name = Release;
		};
/* End XCBuildConfiguration section */

/* Begin XCConfigurationList section */
		550EA1D121B0BDB400E2135F /* Build configuration list for PBXProject "ToDoApplication" */ = {
			isa = XCConfigurationList;
			buildConfigurations = (
				550EA1E621B0BDB500E2135F /* Debug */,
				550EA1E721B0BDB500E2135F /* Release */,
			);
			defaultConfigurationIsVisible = 0;
			defaultConfigurationName = Release;
		};
		550EA1E821B0BDB500E2135F /* Build configuration list for PBXNativeTarget "ToDoApplication" */ = {
			isa = XCConfigurationList;
			buildConfigurations = (
				550EA1E921B0BDB500E2135F /* Debug */,
				550EA1EA21B0BDB500E2135F /* Release */,
			);
			defaultConfigurationIsVisible = 0;
			defaultConfigurationName = Release;
		};
/* End XCConfigurationList section */

/* Begin XCVersionGroup section */
		5546A2A421B5F4FE00B89197 /* Todos.xcdatamodeld */ = {
			isa = XCVersionGroup;
			children = (
				5546A2A521B5F4FE00B89197 /* Todos.xcdatamodel */,
			);
			currentVersion = 5546A2A521B5F4FE00B89197 /* Todos.xcdatamodel */;
			path = Todos.xcdatamodeld;
			sourceTree = "<group>";
			versionGroupType = wrapper.xcdatamodel;
		};
/* End XCVersionGroup section */
	};
	rootObject = 550EA1CE21B0BDB400E2135F /* Project object */;
}
